
Microsoft Visual Studio Solution File, Format Version 12.00
# Visual Studio 15
VisualStudioVersion = 15.0.28307.960
MinimumVisualStudioVersion = 10.0.40219.1
Project("{8BC9CEB8-8B4A-11D0-8D11-00A0C91BC942}") = "SampleODB", "SampleODB\SampleODB.vcxproj", "{27DACA97-ECD5-4949-B179-D05C25C7600D}"
EndProject
Project("{8BC9CEB8-8B4A-11D0-8D11-00A0C91BC942}") = "SampleLog4cpp", "SampleLog4cpp\SampleLog4cpp.vcxproj", "{32AF6F64-61E0-4AC3-84C8-5552EB6E343A}"
EndProject
Project("{8BC9CEB8-8B4A-11D0-8D11-00A0C91BC942}") = "SampleProtobuf", "SampleProtobuf\SampleProtobuf.vcxproj", "{72D9DED8-E4A4-4AAD-A9F2-C8606C21E5E2}"
EndProject
Project("{8BC9CEB8-8B4A-11D0-8D11-00A0C91BC942}") = "SampleAsio", "SampleAsio\SampleAsio.vcxproj", "{6926A029-9DFB-43DB-8C60-CFD8D164C673}"
EndProject
Project("{8BC9CEB8-8B4A-11D0-8D11-00A0C91BC942}") = "SampleGrpc", "SampleGrpc\SampleGrpc.vcxproj", "{0232333B-D620-4E37-BE9C-959A7984A6F8}"
EndProject
Project("{8BC9CEB8-8B4A-11D0-8D11-00A0C91BC942}") = "SampleWangle", "SampleWangle\SampleWangle.vcxproj", "{19EDE56A-D36D-4C20-A086-D4D5D3A48AB1}"
EndProject
Global
	GlobalSection(SolutionConfigurationPlatforms) = preSolution
		Debug|x64 = Debug|x64
		Debug|x86 = Debug|x86
		Release|x64 = Release|x64
		Release|x86 = Release|x86
	EndGlobalSection
	GlobalSection(ProjectConfigurationPlatforms) = postSolution
		{27DACA97-ECD5-4949-B179-D05C25C7600D}.Debug|x64.ActiveCfg = Debug|x64
		{27DACA97-ECD5-4949-B179-D05C25C7600D}.Debug|x64.Build.0 = Debug|x64
		{27DACA97-ECD5-4949-B179-D05C25C7600D}.Debug|x86.ActiveCfg = Debug|Win32
		{27DACA97-ECD5-4949-B179-D05C25C7600D}.Debug|x86.Build.0 = Debug|Win32
		{27DACA97-ECD5-4949-B179-D05C25C7600D}.Release|x64.ActiveCfg = Release|x64
		{27DACA97-ECD5-4949-B179-D05C25C7600D}.Release|x64.Build.0 = Release|x64
		{27DACA97-ECD5-4949-B179-D05C25C7600D}.Release|x86.ActiveCfg = Release|Win32
		{27DACA97-ECD5-4949-B179-D05C25C7600D}.Release|x86.Build.0 = Release|Win32
		{32AF6F64-61E0-4AC3-84C8-5552EB6E343A}.Debug|x64.ActiveCfg = Debug|x64
		{32AF6F64-61E0-4AC3-84C8-5552EB6E343A}.Debug|x64.Build.0 = Debug|x64
		{32AF6F64-61E0-4AC3-84C8-5552EB6E343A}.Debug|x86.ActiveCfg = Debug|Win32
		{32AF6F64-61E0-4AC3-84C8-5552EB6E343A}.Debug|x86.Build.0 = Debug|Win32
		{32AF6F64-61E0-4AC3-84C8-5552EB6E343A}.Release|x64.ActiveCfg = Release|x64
		{32AF6F64-61E0-4AC3-84C8-5552EB6E343A}.Release|x64.Build.0 = Release|x64
		{32AF6F64-61E0-4AC3-84C8-5552EB6E343A}.Release|x86.ActiveCfg = Release|Win32
		{32AF6F64-61E0-4AC3-84C8-5552EB6E343A}.Release|x86.Build.0 = Release|Win32
		{72D9DED8-E4A4-4AAD-A9F2-C8606C21E5E2}.Debug|x64.ActiveCfg = Debug|x64
		{72D9DED8-E4A4-4AAD-A9F2-C8606C21E5E2}.Debug|x64.Build.0 = Debug|x64
		{72D9DED8-E4A4-4AAD-A9F2-C8606C21E5E2}.Debug|x86.ActiveCfg = Debug|Win32
		{72D9DED8-E4A4-4AAD-A9F2-C8606C21E5E2}.Debug|x86.Build.0 = Debug|Win32
		{72D9DED8-E4A4-4AAD-A9F2-C8606C21E5E2}.Release|x64.ActiveCfg = Release|x64
		{72D9DED8-E4A4-4AAD-A9F2-C8606C21E5E2}.Release|x64.Build.0 = Release|x64
		{72D9DED8-E4A4-4AAD-A9F2-C8606C21E5E2}.Release|x86.ActiveCfg = Release|Win32
		{72D9DED8-E4A4-4AAD-A9F2-C8606C21E5E2}.Release|x86.Build.0 = Release|Win32
		{6926A029-9DFB-43DB-8C60-CFD8D164C673}.Debug|x64.ActiveCfg = Debug|x64
		{6926A029-9DFB-43DB-8C60-CFD8D164C673}.Debug|x64.Build.0 = Debug|x64
		{6926A029-9DFB-43DB-8C60-CFD8D164C673}.Debug|x86.ActiveCfg = Debug|Win32
		{6926A029-9DFB-43DB-8C60-CFD8D164C673}.Debug|x86.Build.0 = Debug|Win32
		{6926A029-9DFB-43DB-8C60-CFD8D164C673}.Release|x64.ActiveCfg = Release|x64
		{6926A029-9DFB-43DB-8C60-CFD8D164C673}.Release|x64.Build.0 = Release|x64
		{6926A029-9DFB-43DB-8C60-CFD8D164C673}.Release|x86.ActiveCfg = Release|Win32
		{6926A029-9DFB-43DB-8C60-CFD8D164C673}.Release|x86.Build.0 = Release|Win32
		{0232333B-D620-4E37-BE9C-959A7984A6F8}.Debug|x64.ActiveCfg = Debug|x64
		{0232333B-D620-4E37-BE9C-959A7984A6F8}.Debug|x64.Build.0 = Debug|x64
		{0232333B-D620-4E37-BE9C-959A7984A6F8}.Debug|x86.ActiveCfg = Debug|Win32
		{0232333B-D620-4E37-BE9C-959A7984A6F8}.Debug|x86.Build.0 = Debug|Win32
		{0232333B-D620-4E37-BE9C-959A7984A6F8}.Release|x64.ActiveCfg = Release|x64
		{0232333B-D620-4E37-BE9C-959A7984A6F8}.Release|x64.Build.0 = Release|x64
		{0232333B-D620-4E37-BE9C-959A7984A6F8}.Release|x86.ActiveCfg = Release|Win32
		{0232333B-D620-4E37-BE9C-959A7984A6F8}.Release|x86.Build.0 = Release|Win32
		{19EDE56A-D36D-4C20-A086-D4D5D3A48AB1}.Debug|x64.ActiveCfg = Debug|x64
		{19EDE56A-D36D-4C20-A086-D4D5D3A48AB1}.Debug|x64.Build.0 = Debug|x64
		{19EDE56A-D36D-4C20-A086-D4D5D3A48AB1}.Debug|x86.ActiveCfg = Debug|Win32
		{19EDE56A-D36D-4C20-A086-D4D5D3A48AB1}.Debug|x86.Build.0 = Debug|Win32
		{19EDE56A-D36D-4C20-A086-D4D5D3A48AB1}.Release|x64.ActiveCfg = Release|x64
		{19EDE56A-D36D-4C20-A086-D4D5D3A48AB1}.Release|x64.Build.0 = Release|x64
		{19EDE56A-D36D-4C20-A086-D4D5D3A48AB1}.Release|x86.ActiveCfg = Release|Win32
		{19EDE56A-D36D-4C20-A086-D4D5D3A48AB1}.Release|x86.Build.0 = Release|Win32
	EndGlobalSection
	GlobalSection(SolutionProperties) = preSolution
		HideSolutionNode = FALSE
	EndGlobalSection
	GlobalSection(ExtensibilityGlobals) = postSolution
		SolutionGuid = {2FE2D2E4-B3E4-4DF7-9391-5CAE304AB157}
	EndGlobalSection
EndGlobal
